
Microsoft Visual Studio Solution File, Format Version 12.00
# Visual Studio 14
VisualStudioVersion = 14.0.24720.0
MinimumVisualStudioVersion = 10.0.40219.1
Project("{FAE04EC0-301F-11D3-BF4B-00C04F79EFBC}") = "WpfControls.CS", "WpfControls.CS\WpfControls.CS.csproj", "{BB2ABB74-BA58-4812-83AA-EC8171F42DF4}"
EndProject
Project("{FAE04EC0-301F-11D3-BF4B-00C04F79EFBC}") = "WpfControls.CS.Test", "WpfControls.CS.Test\WpfControls.CS.Test.csproj", "{96E3D271-6627-4BAE-8DBC-5C7DF0C41DDD}"
EndProject
Project("{FAE04EC0-301F-11D3-BF4B-00C04F79EFBC}") = "WpfConstrols.Demo", "WpfConstrols.Demo\WpfConstrols.Demo.csproj", "{5F52FB10-7085-4668-B6EC-F92272FFF6FC}"
EndProject
Global
	GlobalSection(SolutionConfigurationPlatforms) = preSolution
		Debug|Any CPU = Debug|Any CPU
		Release|Any CPU = Release|Any CPU
	EndGlobalSection
	GlobalSection(ProjectConfigurationPlatforms) = postSolution
		{BB2ABB74-BA58-4812-83AA-EC8171F42DF4}.Debug|Any CPU.ActiveCfg = Debug|Any CPU
		{BB2ABB74-BA58-4812-83AA-EC8171F42DF4}.Debug|Any CPU.Build.0 = Debug|Any CPU
		{BB2ABB74-BA58-4812-83AA-EC8171F42DF4}.Release|Any CPU.ActiveCfg = Release|Any CPU
		{BB2ABB74-BA58-4812-83AA-EC8171F42DF4}.Release|Any CPU.Build.0 = Release|Any CPU
		{96E3D271-6627-4BAE-8DBC-5C7DF0C41DDD}.Debug|Any CPU.ActiveCfg = Debug|Any CPU
		{96E3D271-6627-4BAE-8DBC-5C7DF0C41DDD}.Debug|Any CPU.Build.0 = Debug|Any CPU
		{96E3D271-6627-4BAE-8DBC-5C7DF0C41DDD}.Release|Any CPU.ActiveCfg = Release|Any CPU
		{96E3D271-6627-4BAE-8DBC-5C7DF0C41DDD}.Release|Any CPU.Build.0 = Release|Any CPU
		{5F52FB10-7085-4668-B6EC-F92272FFF6FC}.Debug|Any CPU.ActiveCfg = Debug|Any CPU
		{5F52FB10-7085-4668-B6EC-F92272FFF6FC}.Debug|Any CPU.Build.0 = Debug|Any CPU
		{5F52FB10-7085-4668-B6EC-F92272FFF6FC}.Release|Any CPU.ActiveCfg = Release|Any CPU
		{5F52FB10-7085-4668-B6EC-F92272FFF6FC}.Release|Any CPU.Build.0 = Release|Any CPU
	EndGlobalSection
	GlobalSection(SolutionProperties) = preSolution
		HideSolutionNode = FALSE
	EndGlobalSection
EndGlobal
