
Microsoft Visual Studio Solution File, Format Version 12.00
# Visual Studio Version 16
VisualStudioVersion = 16.0.28803.202
MinimumVisualStudioVersion = 10.0.40219.1
Project("{9A19103F-16F7-4668-BE54-9A1E7A4F7556}") = "AutoCompleteTextBox", "AutoCompleteTextBox\AutoCompleteTextBox.csproj", "{BB2ABB74-BA58-4812-83AA-EC8171F42DF4}"
EndProject
Project("{FAE04EC0-301F-11D3-BF4B-00C04F79EFBC}") = "AutoCompleteTextBox.Demo", "AutoCompleteTextBox.Demo\AutoCompleteTextBox.Demo.csproj", "{5F52FB10-7085-4668-B6EC-F92272FFF6FC}"
EndProject
Project("{2150E333-8FDC-42A3-9474-1A3956D46DE8}") = "Logo", "Logo", "{C4107B5E-C5F8-4750-A0CF-A529C67CE1DC}"
	ProjectSection(SolutionItems) = preProject
		Logo\AutoCompleteTextBox.ico = Logo\AutoCompleteTextBox.ico
		Logo\AutoCompleteTextBox.png = Logo\AutoCompleteTextBox.png
	EndProjectSection
EndProject
Global
	GlobalSection(SolutionConfigurationPlatforms) = preSolution
		Debug|Any CPU = Debug|Any CPU
		Release|Any CPU = Release|Any CPU
	EndGlobalSection
	GlobalSection(ProjectConfigurationPlatforms) = postSolution
		{BB2ABB74-BA58-4812-83AA-EC8171F42DF4}.Debug|Any CPU.ActiveCfg = Debug|Any CPU
		{BB2ABB74-BA58-4812-83AA-EC8171F42DF4}.Debug|Any CPU.Build.0 = Debug|Any CPU
		{BB2ABB74-BA58-4812-83AA-EC8171F42DF4}.Release|Any CPU.ActiveCfg = Release|Any CPU
		{BB2ABB74-BA58-4812-83AA-EC8171F42DF4}.Release|Any CPU.Build.0 = Release|Any CPU
		{5F52FB10-7085-4668-B6EC-F92272FFF6FC}.Debug|Any CPU.ActiveCfg = Debug|Any CPU
		{5F52FB10-7085-4668-B6EC-F92272FFF6FC}.Debug|Any CPU.Build.0 = Debug|Any CPU
		{5F52FB10-7085-4668-B6EC-F92272FFF6FC}.Release|Any CPU.ActiveCfg = Release|Any CPU
		{5F52FB10-7085-4668-B6EC-F92272FFF6FC}.Release|Any CPU.Build.0 = Release|Any CPU
	EndGlobalSection
	GlobalSection(SolutionProperties) = preSolution
		HideSolutionNode = FALSE
	EndGlobalSection
	GlobalSection(ExtensibilityGlobals) = postSolution
		SolutionGuid = {5FE753E6-92EF-47BF-AAFF-D3BE9D212FEC}
	EndGlobalSection
EndGlobal
